
Microsoft Visual Studio Solution File, Format Version 12.00
# Visual Studio Version 16
VisualStudioVersion = 25.0.1705.4
MinimumVisualStudioVersion = 10.0.40219.1
Project("{FAE04EC0-301F-11D3-BF4B-00C04F79EFBC}") = "MechanicSystemCatalog", "MechanicSystemCatalog\MechanicSystemCatalog.csproj", "{802F3BAE-105B-49D2-A8E6-1C694531702A}"
EndProject
Global
	GlobalSection(SolutionConfigurationPlatforms) = preSolution
		Debug|Any CPU = Debug|Any CPU
		Release|Any CPU = Release|Any CPU
	EndGlobalSection
	GlobalSection(ProjectConfigurationPlatforms) = postSolution
		{802F3BAE-105B-49D2-A8E6-1C694531702A}.Debug|Any CPU.ActiveCfg = Debug|Any CPU
		{802F3BAE-105B-49D2-A8E6-1C694531702A}.Debug|Any CPU.Build.0 = Debug|Any CPU
		{802F3BAE-105B-49D2-A8E6-1C694531702A}.Release|Any CPU.ActiveCfg = Release|Any CPU
		{802F3BAE-105B-49D2-A8E6-1C694531702A}.Release|Any CPU.Build.0 = Release|Any CPU
	EndGlobalSection
	GlobalSection(SolutionProperties) = preSolution
		HideSolutionNode = FALSE
	EndGlobalSection
	GlobalSection(ExtensibilityGlobals) = postSolution
		SolutionGuid = {20F10124-1898-48A5-8846-5557CF6CD332}
	EndGlobalSection
EndGlobal
